
Microsoft Visual Studio Solution File, Format Version 12.00
# Visual Studio Version 16
VisualStudioVersion = 16.0.29728.190
MinimumVisualStudioVersion = 10.0.40219.1
Project("{FAE04EC0-301F-11D3-BF4B-00C04F79EFBC}") = "MajesticSEO.External.RPC", "MajesticSEO.External.RPC.csproj", "{6ED18656-9475-4398-B6B7-929C81B9EFAE}"
EndProject
Project("{FAE04EC0-301F-11D3-BF4B-00C04F79EFBC}") = "MajestSEO.NetStandard20", "..\MajestSEO.NetStandard20\MajestSEO.NetStandard20.csproj", "{4E385A39-079E-4C35-AEE3-B86682A757FE}"
EndProject
Global
	GlobalSection(SolutionConfigurationPlatforms) = preSolution
		Debug|Any CPU = Debug|Any CPU
		Release|Any CPU = Release|Any CPU
	EndGlobalSection
	GlobalSection(ProjectConfigurationPlatforms) = postSolution
		{6ED18656-9475-4398-B6B7-929C81B9EFAE}.Debug|Any CPU.ActiveCfg = Debug|Any CPU
		{6ED18656-9475-4398-B6B7-929C81B9EFAE}.Debug|Any CPU.Build.0 = Debug|Any CPU
		{6ED18656-9475-4398-B6B7-929C81B9EFAE}.Release|Any CPU.ActiveCfg = Release|Any CPU
		{6ED18656-9475-4398-B6B7-929C81B9EFAE}.Release|Any CPU.Build.0 = Release|Any CPU
		{4E385A39-079E-4C35-AEE3-B86682A757FE}.Debug|Any CPU.ActiveCfg = Debug|Any CPU
		{4E385A39-079E-4C35-AEE3-B86682A757FE}.Debug|Any CPU.Build.0 = Debug|Any CPU
		{4E385A39-079E-4C35-AEE3-B86682A757FE}.Release|Any CPU.ActiveCfg = Release|Any CPU
		{4E385A39-079E-4C35-AEE3-B86682A757FE}.Release|Any CPU.Build.0 = Release|Any CPU
	EndGlobalSection
	GlobalSection(SolutionProperties) = preSolution
		HideSolutionNode = FALSE
	EndGlobalSection
	GlobalSection(ExtensibilityGlobals) = postSolution
		SolutionGuid = {9E6685A4-1C19-4587-A0D7-FCB66068C9D4}
	EndGlobalSection
EndGlobal
